// !$*UTF8*$!
{
	archiveVersion = 1;
	classes = {
	};
	objectVersion = 46;
	objects = {

/* Begin PBXBuildFile section */
		935942801CB4DA3500AAEB08 /* AppDelegate.swift in Sources */ = {isa = PBXBuildFile; fileRef = 9359427F1CB4DA3500AAEB08 /* AppDelegate.swift */; };
		935942821CB4DA3500AAEB08 /* ViewController.swift in Sources */ = {isa = PBXBuildFile; fileRef = 935942811CB4DA3500AAEB08 /* ViewController.swift */; };
		935942851CB4DA3500AAEB08 /* Main.storyboard in Resources */ = {isa = PBXBuildFile; fileRef = 935942831CB4DA3500AAEB08 /* Main.storyboard */; };
		935942871CB4DA3500AAEB08 /* Assets.xcassets in Resources */ = {isa = PBXBuildFile; fileRef = 935942861CB4DA3500AAEB08 /* Assets.xcassets */; };
		9359428A1CB4DA3500AAEB08 /* LaunchScreen.storyboard in Resources */ = {isa = PBXBuildFile; fileRef = 935942881CB4DA3500AAEB08 /* LaunchScreen.storyboard */; };
		935942951CB4DA3500AAEB08 /* LocalPushTests.swift in Sources */ = {isa = PBXBuildFile; fileRef = 935942941CB4DA3500AAEB08 /* LocalPushTests.swift */; };
		935942A01CB4DA3500AAEB08 /* LocalPushUITests.swift in Sources */ = {isa = PBXBuildFile; fileRef = 9359429F1CB4DA3500AAEB08 /* LocalPushUITests.swift */; };
		935942AE1CB4F85C00AAEB08 /* SecViewController.swift in Sources */ = {isa = PBXBuildFile; fileRef = 935942AD1CB4F85C00AAEB08 /* SecViewController.swift */; };
/* End PBXBuildFile section */

/* Begin PBXContainerItemProxy section */
		935942911CB4DA3500AAEB08 /* PBXContainerItemProxy */ = {
			isa = PBXContainerItemProxy;
			containerPortal = 935942741CB4DA3500AAEB08 /* Project object */;
			proxyType = 1;
			remoteGlobalIDString = 9359427B1CB4DA3500AAEB08;
			remoteInfo = LocalPush;
		};
		9359429C1CB4DA3500AAEB08 /* PBXContainerItemProxy */ = {
			isa = PBXContainerItemProxy;
			containerPortal = 935942741CB4DA3500AAEB08 /* Project object */;
			proxyType = 1;
			remoteGlobalIDString = 9359427B1CB4DA3500AAEB08;
			remoteInfo = LocalPush;
		};
/* End PBXContainerItemProxy section */

/* Begin PBXFileReference section */
		9359427C1CB4DA3500AAEB08 /* LocalPush.app */ = {isa = PBXFileReference; explicitFileType = wrapper.application; includeInIndex = 0; path = LocalPush.app; sourceTree = BUILT_PRODUCTS_DIR; };
		9359427F1CB4DA3500AAEB08 /* AppDelegate.swift */ = {isa = PBXFileReference; lastKnownFileType = sourcecode.swift; path = AppDelegate.swift; sourceTree = "<group>"; };
		935942811CB4DA3500AAEB08 /* ViewController.swift */ = {isa = PBXFileReference; lastKnownFileType = sourcecode.swift; path = ViewController.swift; sourceTree = "<group>"; };
		935942841CB4DA3500AAEB08 /* Base */ = {isa = PBXFileReference; lastKnownFileType = file.storyboard; name = Base; path = Base.lproj/Main.storyboard; sourceTree = "<group>"; };
		935942861CB4DA3500AAEB08 /* Assets.xcassets */ = {isa = PBXFileReference; lastKnownFileType = folder.assetcatalog; path = Assets.xcassets; sourceTree = "<group>"; };
		935942891CB4DA3500AAEB08 /* Base */ = {isa = PBXFileReference; lastKnownFileType = file.storyboard; name = Base; path = Base.lproj/LaunchScreen.storyboard; sourceTree = "<group>"; };
		9359428B1CB4DA3500AAEB08 /* Info.plist */ = {isa = PBXFileReference; lastKnownFileType = text.plist.xml; path = Info.plist; sourceTree = "<group>"; };
		935942901CB4DA3500AAEB08 /* LocalPushTests.xctest */ = {isa = PBXFileReference; explicitFileType = wrapper.cfbundle; includeInIndex = 0; path = LocalPushTests.xctest; sourceTree = BUILT_PRODUCTS_DIR; };
		935942941CB4DA3500AAEB08 /* LocalPushTests.swift */ = {isa = PBXFileReference; lastKnownFileType = sourcecode.swift; path = LocalPushTests.swift; sourceTree = "<group>"; };
		935942961CB4DA3500AAEB08 /* Info.plist */ = {isa = PBXFileReference; lastKnownFileType = text.plist.xml; path = Info.plist; sourceTree = "<group>"; };
		9359429B1CB4DA3500AAEB08 /* LocalPushUITests.xctest */ = {isa = PBXFileReference; explicitFileType = wrapper.cfbundle; includeInIndex = 0; path = LocalPushUITests.xctest; sourceTree = BUILT_PRODUCTS_DIR; };
		9359429F1CB4DA3500AAEB08 /* LocalPushUITests.swift */ = {isa = PBXFileReference; lastKnownFileType = sourcecode.swift; path = LocalPushUITests.swift; sourceTree = "<group>"; };
		935942A11CB4DA3500AAEB08 /* Info.plist */ = {isa = PBXFileReference; lastKnownFileType = text.plist.xml; path = Info.plist; sourceTree = "<group>"; };
		935942AD1CB4F85C00AAEB08 /* SecViewController.swift */ = {isa = PBXFileReference; fileEncoding = 4; lastKnownFileType = sourcecode.swift; path = SecViewController.swift; sourceTree = "<group>"; };
/* End PBXFileReference section */

/* Begin PBXFrameworksBuildPhase section */
		935942791CB4DA3500AAEB08 /* Frameworks */ = {
			isa = PBXFrameworksBuildPhase;
			buildActionMask = 2147483647;
			files = (
			);
			runOnlyForDeploymentPostprocessing = 0;
		};
		9359428D1CB4DA3500AAEB08 /* Frameworks */ = {
			isa = PBXFrameworksBuildPhase;
			buildActionMask = 2147483647;
			files = (
			);
			runOnlyForDeploymentPostprocessing = 0;
		};
		935942981CB4DA3500AAEB08 /* Frameworks */ = {
			isa = PBXFrameworksBuildPhase;
			buildActionMask = 2147483647;
			files = (
			);
			runOnlyForDeploymentPostprocessing = 0;
		};
/* End PBXFrameworksBuildPhase section */

/* Begin PBXGroup section */
		935942731CB4DA3500AAEB08 = {
			isa = PBXGroup;
			children = (
				9359427E1CB4DA3500AAEB08 /* LocalPush */,
				935942931CB4DA3500AAEB08 /* LocalPushTests */,
				9359429E1CB4DA3500AAEB08 /* LocalPushUITests */,
				9359427D1CB4DA3500AAEB08 /* Products */,
			);
			sourceTree = "<group>";
		};
		9359427D1CB4DA3500AAEB08 /* Products */ = {
			isa = PBXGroup;
			children = (
				9359427C1CB4DA3500AAEB08 /* LocalPush.app */,
				935942901CB4DA3500AAEB08 /* LocalPushTests.xctest */,
				9359429B1CB4DA3500AAEB08 /* LocalPushUITests.xctest */,
			);
			name = Products;
			sourceTree = "<group>";
		};
		9359427E1CB4DA3500AAEB08 /* LocalPush */ = {
			isa = PBXGroup;
			children = (
				9359427F1CB4DA3500AAEB08 /* AppDelegate.swift */,
				935942811CB4DA3500AAEB08 /* ViewController.swift */,
				935942AD1CB4F85C00AAEB08 /* SecViewController.swift */,
				935942831CB4DA3500AAEB08 /* Main.storyboard */,
				935942861CB4DA3500AAEB08 /* Assets.xcassets */,
				935942881CB4DA3500AAEB08 /* LaunchScreen.storyboard */,
				9359428B1CB4DA3500AAEB08 /* Info.plist */,
			);
			path = LocalPush;
			sourceTree = "<group>";
		};
		935942931CB4DA3500AAEB08 /* LocalPushTests */ = {
			isa = PBXGroup;
			children = (
				935942941CB4DA3500AAEB08 /* LocalPushTests.swift */,
				935942961CB4DA3500AAEB08 /* Info.plist */,
			);
			path = LocalPushTests;
			sourceTree = "<group>";
		};
		9359429E1CB4DA3500AAEB08 /* LocalPushUITests */ = {
			isa = PBXGroup;
			children = (
				9359429F1CB4DA3500AAEB08 /* LocalPushUITests.swift */,
				935942A11CB4DA3500AAEB08 /* Info.plist */,
			);
			path = LocalPushUITests;
			sourceTree = "<group>";
		};
/* End PBXGroup section */

/* Begin PBXNativeTarget section */
		9359427B1CB4DA3500AAEB08 /* LocalPush */ = {
			isa = PBXNativeTarget;
			buildConfigurationList = 935942A41CB4DA3500AAEB08 /* Build configuration list for PBXNativeTarget "LocalPush" */;
			buildPhases = (
				935942781CB4DA3500AAEB08 /* Sources */,
				935942791CB4DA3500AAEB08 /* Frameworks */,
				9359427A1CB4DA3500AAEB08 /* Resources */,
			);
			buildRules = (
			);
			dependencies = (
			);
			name = LocalPush;
			productName = LocalPush;
			productReference = 9359427C1CB4DA3500AAEB08 /* LocalPush.app */;
			productType = "com.apple.product-type.application";
		};
		9359428F1CB4DA3500AAEB08 /* LocalPushTests */ = {
			isa = PBXNativeTarget;
			buildConfigurationList = 935942A71CB4DA3500AAEB08 /* Build configuration list for PBXNativeTarget "LocalPushTests" */;
			buildPhases = (
				9359428C1CB4DA3500AAEB08 /* Sources */,
				9359428D1CB4DA3500AAEB08 /* Frameworks */,
				9359428E1CB4DA3500AAEB08 /* Resources */,
			);
			buildRules = (
			);
			dependencies = (
				935942921CB4DA3500AAEB08 /* PBXTargetDependency */,
			);
			name = LocalPushTests;
			productName = LocalPushTests;
			productReference = 935942901CB4DA3500AAEB08 /* LocalPushTests.xctest */;
			productType = "com.apple.product-type.bundle.unit-test";
		};
		9359429A1CB4DA3500AAEB08 /* LocalPushUITests */ = {
			isa = PBXNativeTarget;
			buildConfigurationList = 935942AA1CB4DA3500AAEB08 /* Build configuration list for PBXNativeTarget "LocalPushUITests" */;
			buildPhases = (
				935942971CB4DA3500AAEB08 /* Sources */,
				935942981CB4DA3500AAEB08 /* Frameworks */,
				935942991CB4DA3500AAEB08 /* Resources */,
			);
			buildRules = (
			);
			dependencies = (
				9359429D1CB4DA3500AAEB08 /* PBXTargetDependency */,
			);
			name = LocalPushUITests;
			productName = LocalPushUITests;
			productReference = 9359429B1CB4DA3500AAEB08 /* LocalPushUITests.xctest */;
			productType = "com.apple.product-type.bundle.ui-testing";
		};
/* End PBXNativeTarget section */

/* Begin PBXProject section */
		935942741CB4DA3500AAEB08 /* Project object */ = {
			isa = PBXProject;
			attributes = {
				LastSwiftUpdateCheck = 0730;
				LastUpgradeCheck = 0730;
				ORGANIZATIONNAME = "薛焱";
				TargetAttributes = {
					9359427B1CB4DA3500AAEB08 = {
						CreatedOnToolsVersion = 7.3;
						DevelopmentTeam = ZQ3C4D99B8;
					};
					9359428F1CB4DA3500AAEB08 = {
						CreatedOnToolsVersion = 7.3;
						DevelopmentTeam = ZQ3C4D99B8;
						TestTargetID = 9359427B1CB4DA3500AAEB08;
					};
					9359429A1CB4DA3500AAEB08 = {
						CreatedOnToolsVersion = 7.3;
						DevelopmentTeam = ZQ3C4D99B8;
						TestTargetID = 9359427B1CB4DA3500AAEB08;
					};
				};
			};
			buildConfigurationList = 935942771CB4DA3500AAEB08 /* Build configuration list for PBXProject "LocalPush" */;
			compatibilityVersion = "Xcode 3.2";
			developmentRegion = English;
			hasScannedForEncodings = 0;
			knownRegions = (
				en,
				Base,
			);
			mainGroup = 935942731CB4DA3500AAEB08;
			productRefGroup = 9359427D1CB4DA3500AAEB08 /* Products */;
			projectDirPath = "";
			projectRoot = "";
			targets = (
				9359427B1CB4DA3500AAEB08 /* LocalPush */,
				9359428F1CB4DA3500AAEB08 /* LocalPushTests */,
				9359429A1CB4DA3500AAEB08 /* LocalPushUITests */,
			);
		};
/* End PBXProject section */

/* Begin PBXResourcesBuildPhase section */
		9359427A1CB4DA3500AAEB08 /* Resources */ = {
			isa = PBXResourcesBuildPhase;
			buildActionMask = 2147483647;
			files = (
				9359428A1CB4DA3500AAEB08 /* LaunchScreen.storyboard in Resources */,
				935942871CB4DA3500AAEB08 /* Assets.xcassets in Resources */,
				935942851CB4DA3500AAEB08 /* Main.storyboard in Resources */,
			);
			runOnlyForDeploymentPostprocessing = 0;
		};
		9359428E1CB4DA3500AAEB08 /* Resources */ = {
			isa = PBXResourcesBuildPhase;
			buildActionMask = 2147483647;
			files = (
			);
			runOnlyForDeploymentPostprocessing = 0;
		};
		935942991CB4DA3500AAEB08 /* Resources */ = {
			isa = PBXResourcesBuildPhase;
			buildActionMask = 2147483647;
			files = (
			);
			runOnlyForDeploymentPostprocessing = 0;
		};
/* End PBXResourcesBuildPhase section */

/* Begin PBXSourcesBuildPhase section */
		935942781CB4DA3500AAEB08 /* Sources */ = {
			isa = PBXSourcesBuildPhase;
			buildActionMask = 2147483647;
			files = (
				935942821CB4DA3500AAEB08 /* ViewController.swift in Sources */,
				935942801CB4DA3500AAEB08 /* AppDelegate.swift in Sources */,
				935942AE1CB4F85C00AAEB08 /* SecViewController.swift in Sources */,
			);
			runOnlyForDeploymentPostprocessing = 0;
		};
		9359428C1CB4DA3500AAEB08 /* Sources */ = {
			isa = PBXSourcesBuildPhase;
			buildActionMask = 2147483647;
			files = (
				935942951CB4DA3500AAEB08 /* LocalPushTests.swift in Sources */,
			);
			runOnlyForDeploymentPostprocessing = 0;
		};
		935942971CB4DA3500AAEB08 /* Sources */ = {
			isa = PBXSourcesBuildPhase;
			buildActionMask = 2147483647;
			files = (
				935942A01CB4DA3500AAEB08 /* LocalPushUITests.swift in Sources */,
			);
			runOnlyForDeploymentPostprocessing = 0;
		};
/* End PBXSourcesBuildPhase section */

/* Begin PBXTargetDependency section */
		935942921CB4DA3500AAEB08 /* PBXTargetDependency */ = {
			isa = PBXTargetDependency;
			target = 9359427B1CB4DA3500AAEB08 /* LocalPush */;
			targetProxy = 935942911CB4DA3500AAEB08 /* PBXContainerItemProxy */;
		};
		9359429D1CB4DA3500AAEB08 /* PBXTargetDependency */ = {
			isa = PBXTargetDependency;
			target = 9359427B1CB4DA3500AAEB08 /* LocalPush */;
			targetProxy = 9359429C1CB4DA3500AAEB08 /* PBXContainerItemProxy */;
		};
/* End PBXTargetDependency section */

/* Begin PBXVariantGroup section */
		935942831CB4DA3500AAEB08 /* Main.storyboard */ = {
			isa = PBXVariantGroup;
			children = (
				935942841CB4DA3500AAEB08 /* Base */,
			);
			name = Main.storyboard;
			sourceTree = "<group>";
		};
		935942881CB4DA3500AAEB08 /* LaunchScreen.storyboard */ = {
			isa = PBXVariantGroup;
			children = (
				935942891CB4DA3500AAEB08 /* Base */,
			);
			name = LaunchScreen.storyboard;
			sourceTree = "<group>";
		};
/* End PBXVariantGroup section */

/* Begin XCBuildConfiguration section */
		935942A21CB4DA3500AAEB08 /* Debug */ = {
			isa = XCBuildConfiguration;
			buildSettings = {
				ALWAYS_SEARCH_USER_PATHS = NO;
				CLANG_ANALYZER_NONNULL = YES;
				CLANG_CXX_LANGUAGE_STANDARD = "gnu++0x";
				CLANG_CXX_LIBRARY = "libc++";
				CLANG_ENABLE_MODULES = YES;
				CLANG_ENABLE_OBJC_ARC = YES;
				CLANG_WARN_BOOL_CONVERSION = YES;
				CLANG_WARN_CONSTANT_CONVERSION = YES;
				CLANG_WARN_DIRECT_OBJC_ISA_USAGE = YES_ERROR;
				CLANG_WARN_EMPTY_BODY = YES;
				CLANG_WARN_ENUM_CONVERSION = YES;
				CLANG_WARN_INT_CONVERSION = YES;
				CLANG_WARN_OBJC_ROOT_CLASS = YES_ERROR;
				CLANG_WARN_UNREACHABLE_CODE = YES;
				CLANG_WARN__DUPLICATE_METHOD_MATCH = YES;
				"CODE_SIGN_IDENTITY[sdk=iphoneos*]" = "iPhone Developer";
				COPY_PHASE_STRIP = NO;
				DEBUG_INFORMATION_FORMAT = dwarf;
				ENABLE_STRICT_OBJC_MSGSEND = YES;
				ENABLE_TESTABILITY = YES;
				GCC_C_LANGUAGE_STANDARD = gnu99;
				GCC_DYNAMIC_NO_PIC = NO;
				GCC_NO_COMMON_BLOCKS = YES;
				GCC_OPTIMIZATION_LEVEL = 0;
				GCC_PREPROCESSOR_DEFINITIONS = (
					"DEBUG=1",
					"$(inherited)",
				);
				GCC_WARN_64_TO_32_BIT_CONVERSION = YES;
				GCC_WARN_ABOUT_RETURN_TYPE = YES_ERROR;
				GCC_WARN_UNDECLARED_SELECTOR = YES;
				GCC_WARN_UNINITIALIZED_AUTOS = YES_AGGRESSIVE;
				GCC_WARN_UNUSED_FUNCTION = YES;
				GCC_WARN_UNUSED_VARIABLE = YES;
				IPHONEOS_DEPLOYMENT_TARGET = 9.3;
				MTL_ENABLE_DEBUG_INFO = YES;
				ONLY_ACTIVE_ARCH = YES;
				SDKROOT = iphoneos;
				SWIFT_OPTIMIZATION_LEVEL = "-Onone";
				TARGETED_DEVICE_FAMILY = "1,2";
			};
			name = Debug;
		};
		935942A31CB4DA3500AAEB08 /* Release */ = {
			isa = XCBuildConfiguration;
			buildSettings = {
				ALWAYS_SEARCH_USER_PATHS = NO;
				CLANG_ANALYZER_NONNULL = YES;
				CLANG_CXX_LANGUAGE_STANDARD = "gnu++0x";
				CLANG_CXX_LIBRARY = "libc++";
				CLANG_ENABLE_MODULES = YES;
				CLANG_ENABLE_OBJC_ARC = YES;
				CLANG_WARN_BOOL_CONVERSION = YES;
				CLANG_WARN_CONSTANT_CONVERSION = YES;
				CLANG_WARN_DIRECT_OBJC_ISA_USAGE = YES_ERROR;
				CLANG_WARN_EMPTY_BODY = YES;
				CLANG_WARN_ENUM_CONVERSION = YES;
				CLANG_WARN_INT_CONVERSION = YES;
				CLANG_WARN_OBJC_ROOT_CLASS = YES_ERROR;
				CLANG_WARN_UNREACHABLE_CODE = YES;
				CLANG_WARN__DUPLICATE_METHOD_MATCH = YES;
				"CODE_SIGN_IDENTITY[sdk=iphoneos*]" = "iPhone Developer";
				COPY_PHASE_STRIP = NO;
				DEBUG_INFORMATION_FORMAT = "dwarf-with-dsym";
				ENABLE_NS_ASSERTIONS = NO;
				ENABLE_STRICT_OBJC_MSGSEND = YES;
				GCC_C_LANGUAGE_STANDARD = gnu99;
				GCC_NO_COMMON_BLOCKS = YES;
				GCC_WARN_64_TO_32_BIT_CONVERSION = YES;
				GCC_WARN_ABOUT_RETURN_TYPE = YES_ERROR;
				GCC_WARN_UNDECLARED_SELECTOR = YES;
				GCC_WARN_UNINITIALIZED_AUTOS = YES_AGGRESSIVE;
				GCC_WARN_UNUSED_FUNCTION = YES;
				GCC_WARN_UNUSED_VARIABLE = YES;
				IPHONEOS_DEPLOYMENT_TARGET = 9.3;
				MTL_ENABLE_DEBUG_INFO = NO;
				SDKROOT = iphoneos;
				TARGETED_DEVICE_FAMILY = "1,2";
				VALIDATE_PRODUCT = YES;
			};
			name = Release;
		};
		935942A51CB4DA3500AAEB08 /* Debug */ = {
			isa = XCBuildConfiguration;
			buildSettings = {
				ASSETCATALOG_COMPILER_APPICON_NAME = AppIcon;
				CODE_SIGN_IDENTITY = "iPhone Developer";
				"CODE_SIGN_IDENTITY[sdk=iphoneos*]" = "iPhone Developer";
				INFOPLIST_FILE = LocalPush/Info.plist;
				LD_RUNPATH_SEARCH_PATHS = "$(inherited) @executable_path/Frameworks";
				PRODUCT_BUNDLE_IDENTIFIER = com.cjm.xueyan.LocalPush;
				PRODUCT_NAME = "$(TARGET_NAME)";
				PROVISIONING_PROFILE = "";
			};
			name = Debug;
		};
		935942A61CB4DA3500AAEB08 /* Release */ = {
			isa = XCBuildConfiguration;
			buildSettings = {
				ASSETCATALOG_COMPILER_APPICON_NAME = AppIcon;
				CODE_SIGN_IDENTITY = "iPhone Developer";
				"CODE_SIGN_IDENTITY[sdk=iphoneos*]" = "iPhone Developer";
				INFOPLIST_FILE = LocalPush/Info.plist;
				LD_RUNPATH_SEARCH_PATHS = "$(inherited) @executable_path/Frameworks";
				PRODUCT_BUNDLE_IDENTIFIER = com.cjm.xueyan.LocalPush;
				PRODUCT_NAME = "$(TARGET_NAME)";
				PROVISIONING_PROFILE = "";
			};
			name = Release;
		};
		935942A81CB4DA3500AAEB08 /* Debug */ = {
			isa = XCBuildConfiguration;
			buildSettings = {
				BUNDLE_LOADER = "$(TEST_HOST)";
				INFOPLIST_FILE = LocalPushTests/Info.plist;
				LD_RUNPATH_SEARCH_PATHS = "$(inherited) @executable_path/Frameworks @loader_path/Frameworks";
				PRODUCT_BUNDLE_IDENTIFIER = com.cjm.xueyan.LocalPushTests;
				PRODUCT_NAME = "$(TARGET_NAME)";
				TEST_HOST = "$(BUILT_PRODUCTS_DIR)/LocalPush.app/LocalPush";
			};
			name = Debug;
		};
		935942A91CB4DA3500AAEB08 /* Release */ = {
			isa = XCBuildConfiguration;
			buildSettings = {
				BUNDLE_LOADER = "$(TEST_HOST)";
				INFOPLIST_FILE = LocalPushTests/Info.plist;
				LD_RUNPATH_SEARCH_PATHS = "$(inherited) @executable_path/Frameworks @loader_path/Frameworks";
				PRODUCT_BUNDLE_IDENTIFIER = com.cjm.xueyan.LocalPushTests;
				PRODUCT_NAME = "$(TARGET_NAME)";
				TEST_HOST = "$(BUILT_PRODUCTS_DIR)/LocalPush.app/LocalPush";
			};
			name = Release;
		};
		935942AB1CB4DA3500AAEB08 /* Debug */ = {
			isa = XCBuildConfiguration;
			buildSettings = {
				INFOPLIST_FILE = LocalPushUITests/Info.plist;
				LD_RUNPATH_SEARCH_PATHS = "$(inherited) @executable_path/Frameworks @loader_path/Frameworks";
				PRODUCT_BUNDLE_IDENTIFIER = com.cjm.xueyan.LocalPushUITests;
				PRODUCT_NAME = "$(TARGET_NAME)";
				TEST_TARGET_NAME = LocalPush;
			};
			name = Debug;
		};
		935942AC1CB4DA3500AAEB08 /* Release */ = {
			isa = XCBuildConfiguration;
			buildSettings = {
				INFOPLIST_FILE = LocalPushUITests/Info.plist;
				LD_RUNPATH_SEARCH_PATHS = "$(inherited) @executable_path/Frameworks @loader_path/Frameworks";
				PRODUCT_BUNDLE_IDENTIFIER = com.cjm.xueyan.LocalPushUITests;
				PRODUCT_NAME = "$(TARGET_NAME)";
				TEST_TARGET_NAME = LocalPush;
			};
			name = Release;
		};
/* End XCBuildConfiguration section */

/* Begin XCConfigurationList section */
		935942771CB4DA3500AAEB08 /* Build configuration list for PBXProject "LocalPush" */ = {
			isa = XCConfigurationList;
			buildConfigurations = (
				935942A21CB4DA3500AAEB08 /* Debug */,
				935942A31CB4DA3500AAEB08 /* Release */,
			);
			defaultConfigurationIsVisible = 0;
			defaultConfigurationName = Release;
		};
		935942A41CB4DA3500AAEB08 /* Build configuration list for PBXNativeTarget "LocalPush" */ = {
			isa = XCConfigurationList;
			buildConfigurations = (
				935942A51CB4DA3500AAEB08 /* Debug */,
				935942A61CB4DA3500AAEB08 /* Release */,
			);
			defaultConfigurationIsVisible = 0;
		};
		935942A71CB4DA3500AAEB08 /* Build configuration list for PBXNativeTarget "LocalPushTests" */ = {
			isa = XCConfigurationList;
			buildConfigurations = (
				935942A81CB4DA3500AAEB08 /* Debug */,
				935942A91CB4DA3500AAEB08 /* Release */,
			);
			defaultConfigurationIsVisible = 0;
		};
		935942AA1CB4DA3500AAEB08 /* Build configuration list for PBXNativeTarget "LocalPushUITests" */ = {
			isa = XCConfigurationList;
			buildConfigurations = (
				935942AB1CB4DA3500AAEB08 /* Debug */,
				935942AC1CB4DA3500AAEB08 /* Release */,
			);
			defaultConfigurationIsVisible = 0;
		};
/* End XCConfigurationList section */
	};
	rootObject = 935942741CB4DA3500AAEB08 /* Project object */;
}
